// !$*UTF8*$!
{
	archiveVersion = 1;
	classes = {
	};
	objectVersion = 56;
	objects = {

/* Begin PBXBuildFile section */
		98A04E1C2B1843E700874BC4 /* kickoffApp.swift in Sources */ = {isa = PBXBuildFile; fileRef = 98A04E1B2B1843E700874BC4 /* kickoffApp.swift */; };
		98A04E1E2B1843E700874BC4 /* ContentView.swift in Sources */ = {isa = PBXBuildFile; fileRef = 98A04E1D2B1843E700874BC4 /* ContentView.swift */; };
		98A04E202B1843E700874BC4 /* Assets.xcassets in Resources */ = {isa = PBXBuildFile; fileRef = 98A04E1F2B1843E700874BC4 /* Assets.xcassets */; };
		98A04E242B1843E700874BC4 /* Preview Assets.xcassets in Resources */ = {isa = PBXBuildFile; fileRef = 98A04E232B1843E700874BC4 /* Preview Assets.xcassets */; };
		98A04E2E2B1843E800874BC4 /* kickoffTests.swift in Sources */ = {isa = PBXBuildFile; fileRef = 98A04E2D2B1843E800874BC4 /* kickoffTests.swift */; };
		98A04E382B1843E800874BC4 /* kickoffUITests.swift in Sources */ = {isa = PBXBuildFile; fileRef = 98A04E372B1843E800874BC4 /* kickoffUITests.swift */; };
		98A04E3A2B1843E800874BC4 /* kickoffUITestsLaunchTests.swift in Sources */ = {isa = PBXBuildFile; fileRef = 98A04E392B1843E800874BC4 /* kickoffUITestsLaunchTests.swift */; };
/* End PBXBuildFile section */

/* Begin PBXContainerItemProxy section */
		98A04E2A2B1843E800874BC4 /* PBXContainerItemProxy */ = {
			isa = PBXContainerItemProxy;
			containerPortal = 98A04E102B1843E700874BC4 /* Project object */;
			proxyType = 1;
			remoteGlobalIDString = 98A04E172B1843E700874BC4;
			remoteInfo = kickoff;
		};
		98A04E342B1843E800874BC4 /* PBXContainerItemProxy */ = {
			isa = PBXContainerItemProxy;
			containerPortal = 98A04E102B1843E700874BC4 /* Project object */;
			proxyType = 1;
			remoteGlobalIDString = 98A04E172B1843E700874BC4;
			remoteInfo = kickoff;
		};
/* End PBXContainerItemProxy section */

/* Begin PBXFileReference section */
		98A04E182B1843E700874BC4 /* kickoff.app */ = {isa = PBXFileReference; explicitFileType = wrapper.application; includeInIndex = 0; path = kickoff.app; sourceTree = BUILT_PRODUCTS_DIR; };
		98A04E1B2B1843E700874BC4 /* kickoffApp.swift */ = {isa = PBXFileReference; lastKnownFileType = sourcecode.swift; path = kickoffApp.swift; sourceTree = "<group>"; };
		98A04E1D2B1843E700874BC4 /* ContentView.swift */ = {isa = PBXFileReference; lastKnownFileType = sourcecode.swift; path = ContentView.swift; sourceTree = "<group>"; };
		98A04E1F2B1843E700874BC4 /* Assets.xcassets */ = {isa = PBXFileReference; lastKnownFileType = folder.assetcatalog; path = Assets.xcassets; sourceTree = "<group>"; };
		98A04E212B1843E700874BC4 /* kickoff.entitlements */ = {isa = PBXFileReference; lastKnownFileType = text.plist.entitlements; path = kickoff.entitlements; sourceTree = "<group>"; };
		98A04E232B1843E700874BC4 /* Preview Assets.xcassets */ = {isa = PBXFileReference; lastKnownFileType = folder.assetcatalog; path = "Preview Assets.xcassets"; sourceTree = "<group>"; };
		98A04E292B1843E800874BC4 /* kickoffTests.xctest */ = {isa = PBXFileReference; explicitFileType = wrapper.cfbundle; includeInIndex = 0; path = kickoffTests.xctest; sourceTree = BUILT_PRODUCTS_DIR; };
		98A04E2D2B1843E800874BC4 /* kickoffTests.swift */ = {isa = PBXFileReference; lastKnownFileType = sourcecode.swift; path = kickoffTests.swift; sourceTree = "<group>"; };
		98A04E332B1843E800874BC4 /* kickoffUITests.xctest */ = {isa = PBXFileReference; explicitFileType = wrapper.cfbundle; includeInIndex = 0; path = kickoffUITests.xctest; sourceTree = BUILT_PRODUCTS_DIR; };
		98A04E372B1843E800874BC4 /* kickoffUITests.swift */ = {isa = PBXFileReference; lastKnownFileType = sourcecode.swift; path = kickoffUITests.swift; sourceTree = "<group>"; };
		98A04E392B1843E800874BC4 /* kickoffUITestsLaunchTests.swift */ = {isa = PBXFileReference; lastKnownFileType = sourcecode.swift; path = kickoffUITestsLaunchTests.swift; sourceTree = "<group>"; };
/* End PBXFileReference section */

/* Begin PBXFrameworksBuildPhase section */
		98A04E152B1843E700874BC4 /* Frameworks */ = {
			isa = PBXFrameworksBuildPhase;
			buildActionMask = 2147483647;
			files = (
			);
			runOnlyForDeploymentPostprocessing = 0;
		};
		98A04E262B1843E800874BC4 /* Frameworks */ = {
			isa = PBXFrameworksBuildPhase;
			buildActionMask = 2147483647;
			files = (
			);
			runOnlyForDeploymentPostprocessing = 0;
		};
		98A04E302B1843E800874BC4 /* Frameworks */ = {
			isa = PBXFrameworksBuildPhase;
			buildActionMask = 2147483647;
			files = (
			);
			runOnlyForDeploymentPostprocessing = 0;
		};
/* End PBXFrameworksBuildPhase section */

/* Begin PBXGroup section */
		98A04E0F2B1843E700874BC4 = {
			isa = PBXGroup;
			children = (
				98A04E1A2B1843E700874BC4 /* kickoff */,
				98A04E2C2B1843E800874BC4 /* kickoffTests */,
				98A04E362B1843E800874BC4 /* kickoffUITests */,
				98A04E192B1843E700874BC4 /* Products */,
			);
			sourceTree = "<group>";
		};
		98A04E192B1843E700874BC4 /* Products */ = {
			isa = PBXGroup;
			children = (
				98A04E182B1843E700874BC4 /* kickoff.app */,
				98A04E292B1843E800874BC4 /* kickoffTests.xctest */,
				98A04E332B1843E800874BC4 /* kickoffUITests.xctest */,
			);
			name = Products;
			sourceTree = "<group>";
		};
		98A04E1A2B1843E700874BC4 /* kickoff */ = {
			isa = PBXGroup;
			children = (
				98A04E1B2B1843E700874BC4 /* kickoffApp.swift */,
				98A04E1D2B1843E700874BC4 /* ContentView.swift */,
				98A04E1F2B1843E700874BC4 /* Assets.xcassets */,
				98A04E212B1843E700874BC4 /* kickoff.entitlements */,
				98A04E222B1843E700874BC4 /* Preview Content */,
			);
			path = kickoff;
			sourceTree = "<group>";
		};
		98A04E222B1843E700874BC4 /* Preview Content */ = {
			isa = PBXGroup;
			children = (
				98A04E232B1843E700874BC4 /* Preview Assets.xcassets */,
			);
			path = "Preview Content";
			sourceTree = "<group>";
		};
		98A04E2C2B1843E800874BC4 /* kickoffTests */ = {
			isa = PBXGroup;
			children = (
				98A04E2D2B1843E800874BC4 /* kickoffTests.swift */,
			);
			path = kickoffTests;
			sourceTree = "<group>";
		};
		98A04E362B1843E800874BC4 /* kickoffUITests */ = {
			isa = PBXGroup;
			children = (
				98A04E372B1843E800874BC4 /* kickoffUITests.swift */,
				98A04E392B1843E800874BC4 /* kickoffUITestsLaunchTests.swift */,
			);
			path = kickoffUITests;
			sourceTree = "<group>";
		};
/* End PBXGroup section */

/* Begin PBXNativeTarget section */
		98A04E172B1843E700874BC4 /* kickoff */ = {
			isa = PBXNativeTarget;
			buildConfigurationList = 98A04E3D2B1843E800874BC4 /* Build configuration list for PBXNativeTarget "kickoff" */;
			buildPhases = (
				98A04E142B1843E700874BC4 /* Sources */,
				98A04E152B1843E700874BC4 /* Frameworks */,
				98A04E162B1843E700874BC4 /* Resources */,
			);
			buildRules = (
			);
			dependencies = (
			);
			name = kickoff;
			productName = kickoff;
			productReference = 98A04E182B1843E700874BC4 /* kickoff.app */;
			productType = "com.apple.product-type.application";
		};
		98A04E282B1843E800874BC4 /* kickoffTests */ = {
			isa = PBXNativeTarget;
			buildConfigurationList = 98A04E402B1843E800874BC4 /* Build configuration list for PBXNativeTarget "kickoffTests" */;
			buildPhases = (
				98A04E252B1843E800874BC4 /* Sources */,
				98A04E262B1843E800874BC4 /* Frameworks */,
				98A04E272B1843E800874BC4 /* Resources */,
			);
			buildRules = (
			);
			dependencies = (
				98A04E2B2B1843E800874BC4 /* PBXTargetDependency */,
			);
			name = kickoffTests;
			productName = kickoffTests;
			productReference = 98A04E292B1843E800874BC4 /* kickoffTests.xctest */;
			productType = "com.apple.product-type.bundle.unit-test";
		};
		98A04E322B1843E800874BC4 /* kickoffUITests */ = {
			isa = PBXNativeTarget;
			buildConfigurationList = 98A04E432B1843E800874BC4 /* Build configuration list for PBXNativeTarget "kickoffUITests" */;
			buildPhases = (
				98A04E2F2B1843E800874BC4 /* Sources */,
				98A04E302B1843E800874BC4 /* Frameworks */,
				98A04E312B1843E800874BC4 /* Resources */,
			);
			buildRules = (
			);
			dependencies = (
				98A04E352B1843E800874BC4 /* PBXTargetDependency */,
			);
			name = kickoffUITests;
			productName = kickoffUITests;
			productReference = 98A04E332B1843E800874BC4 /* kickoffUITests.xctest */;
			productType = "com.apple.product-type.bundle.ui-testing";
		};
/* End PBXNativeTarget section */

/* Begin PBXProject section */
		98A04E102B1843E700874BC4 /* Project object */ = {
			isa = PBXProject;
			attributes = {
				BuildIndependentTargetsInParallel = 1;
				LastSwiftUpdateCheck = 1500;
				LastUpgradeCheck = 1500;
				TargetAttributes = {
					98A04E172B1843E700874BC4 = {
						CreatedOnToolsVersion = 15.0.1;
					};
					98A04E282B1843E800874BC4 = {
						CreatedOnToolsVersion = 15.0.1;
						TestTargetID = 98A04E172B1843E700874BC4;
					};
					98A04E322B1843E800874BC4 = {
						CreatedOnToolsVersion = 15.0.1;
						TestTargetID = 98A04E172B1843E700874BC4;
					};
				};
			};
			buildConfigurationList = 98A04E132B1843E700874BC4 /* Build configuration list for PBXProject "kickoff" */;
			compatibilityVersion = "Xcode 14.0";
			developmentRegion = en;
			hasScannedForEncodings = 0;
			knownRegions = (
				en,
				Base,
			);
			mainGroup = 98A04E0F2B1843E700874BC4;
			productRefGroup = 98A04E192B1843E700874BC4 /* Products */;
			projectDirPath = "";
			projectRoot = "";
			targets = (
				98A04E172B1843E700874BC4 /* kickoff */,
				98A04E282B1843E800874BC4 /* kickoffTests */,
				98A04E322B1843E800874BC4 /* kickoffUITests */,
			);
		};
/* End PBXProject section */

/* Begin PBXResourcesBuildPhase section */
		98A04E162B1843E700874BC4 /* Resources */ = {
			isa = PBXResourcesBuildPhase;
			buildActionMask = 2147483647;
			files = (
				98A04E242B1843E700874BC4 /* Preview Assets.xcassets in Resources */,
				98A04E202B1843E700874BC4 /* Assets.xcassets in Resources */,
			);
			runOnlyForDeploymentPostprocessing = 0;
		};
		98A04E272B1843E800874BC4 /* Resources */ = {
			isa = PBXResourcesBuildPhase;
			buildActionMask = 2147483647;
			files = (
			);
			runOnlyForDeploymentPostprocessing = 0;
		};
		98A04E312B1843E800874BC4 /* Resources */ = {
			isa = PBXResourcesBuildPhase;
			buildActionMask = 2147483647;
			files = (
			);
			runOnlyForDeploymentPostprocessing = 0;
		};
/* End PBXResourcesBuildPhase section */

/* Begin PBXSourcesBuildPhase section */
		98A04E142B1843E700874BC4 /* Sources */ = {
			isa = PBXSourcesBuildPhase;
			buildActionMask = 2147483647;
			files = (
				98A04E1E2B1843E700874BC4 /* ContentView.swift in Sources */,
				98A04E1C2B1843E700874BC4 /* kickoffApp.swift in Sources */,
			);
			runOnlyForDeploymentPostprocessing = 0;
		};
		98A04E252B1843E800874BC4 /* Sources */ = {
			isa = PBXSourcesBuildPhase;
			buildActionMask = 2147483647;
			files = (
				98A04E2E2B1843E800874BC4 /* kickoffTests.swift in Sources */,
			);
			runOnlyForDeploymentPostprocessing = 0;
		};
		98A04E2F2B1843E800874BC4 /* Sources */ = {
			isa = PBXSourcesBuildPhase;
			buildActionMask = 2147483647;
			files = (
				98A04E3A2B1843E800874BC4 /* kickoffUITestsLaunchTests.swift in Sources */,
				98A04E382B1843E800874BC4 /* kickoffUITests.swift in Sources */,
			);
			runOnlyForDeploymentPostprocessing = 0;
		};
/* End PBXSourcesBuildPhase section */

/* Begin PBXTargetDependency section */
		98A04E2B2B1843E800874BC4 /* PBXTargetDependency */ = {
			isa = PBXTargetDependency;
			target = 98A04E172B1843E700874BC4 /* kickoff */;
			targetProxy = 98A04E2A2B1843E800874BC4 /* PBXContainerItemProxy */;
		};
		98A04E352B1843E800874BC4 /* PBXTargetDependency */ = {
			isa = PBXTargetDependency;
			target = 98A04E172B1843E700874BC4 /* kickoff */;
			targetProxy = 98A04E342B1843E800874BC4 /* PBXContainerItemProxy */;
		};
/* End PBXTargetDependency section */

/* Begin XCBuildConfiguration section */
		98A04E3B2B1843E800874BC4 /* Debug */ = {
			isa = XCBuildConfiguration;
			buildSettings = {
				ALWAYS_SEARCH_USER_PATHS = NO;
				ASSETCATALOG_COMPILER_GENERATE_SWIFT_ASSET_SYMBOL_EXTENSIONS = YES;
				CLANG_ANALYZER_NONNULL = YES;
				CLANG_ANALYZER_NUMBER_OBJECT_CONVERSION = YES_AGGRESSIVE;
				CLANG_CXX_LANGUAGE_STANDARD = "gnu++20";
				CLANG_ENABLE_MODULES = YES;
				CLANG_ENABLE_OBJC_ARC = YES;
				CLANG_ENABLE_OBJC_WEAK = YES;
				CLANG_WARN_BLOCK_CAPTURE_AUTORELEASING = YES;
				CLANG_WARN_BOOL_CONVERSION = YES;
				CLANG_WARN_COMMA = YES;
				CLANG_WARN_CONSTANT_CONVERSION = YES;
				CLANG_WARN_DEPRECATED_OBJC_IMPLEMENTATIONS = YES;
				CLANG_WARN_DIRECT_OBJC_ISA_USAGE = YES_ERROR;
				CLANG_WARN_DOCUMENTATION_COMMENTS = YES;
				CLANG_WARN_EMPTY_BODY = YES;
				CLANG_WARN_ENUM_CONVERSION = YES;
				CLANG_WARN_INFINITE_RECURSION = YES;
				CLANG_WARN_INT_CONVERSION = YES;
				CLANG_WARN_NON_LITERAL_NULL_CONVERSION = YES;
				CLANG_WARN_OBJC_IMPLICIT_RETAIN_SELF = YES;
				CLANG_WARN_OBJC_LITERAL_CONVERSION = YES;
				CLANG_WARN_OBJC_ROOT_CLASS = YES_ERROR;
				CLANG_WARN_QUOTED_INCLUDE_IN_FRAMEWORK_HEADER = YES;
				CLANG_WARN_RANGE_LOOP_ANALYSIS = YES;
				CLANG_WARN_STRICT_PROTOTYPES = YES;
				CLANG_WARN_SUSPICIOUS_MOVE = YES;
				CLANG_WARN_UNGUARDED_AVAILABILITY = YES_AGGRESSIVE;
				CLANG_WARN_UNREACHABLE_CODE = YES;
				CLANG_WARN__DUPLICATE_METHOD_MATCH = YES;
				COPY_PHASE_STRIP = NO;
				DEBUG_INFORMATION_FORMAT = dwarf;
				ENABLE_STRICT_OBJC_MSGSEND = YES;
				ENABLE_TESTABILITY = YES;
				ENABLE_USER_SCRIPT_SANDBOXING = YES;
				GCC_C_LANGUAGE_STANDARD = gnu17;
				GCC_DYNAMIC_NO_PIC = NO;
				GCC_NO_COMMON_BLOCKS = YES;
				GCC_OPTIMIZATION_LEVEL = 0;
				GCC_PREPROCESSOR_DEFINITIONS = (
					"DEBUG=1",
					"$(inherited)",
				);
				GCC_WARN_64_TO_32_BIT_CONVERSION = YES;
				GCC_WARN_ABOUT_RETURN_TYPE = YES_ERROR;
				GCC_WARN_UNDECLARED_SELECTOR = YES;
				GCC_WARN_UNINITIALIZED_AUTOS = YES_AGGRESSIVE;
				GCC_WARN_UNUSED_FUNCTION = YES;
				GCC_WARN_UNUSED_VARIABLE = YES;
				LOCALIZATION_PREFERS_STRING_CATALOGS = YES;
				MTL_ENABLE_DEBUG_INFO = INCLUDE_SOURCE;
				MTL_FAST_MATH = YES;
				ONLY_ACTIVE_ARCH = YES;
				SWIFT_ACTIVE_COMPILATION_CONDITIONS = "DEBUG $(inherited)";
				SWIFT_OPTIMIZATION_LEVEL = "-Onone";
			};
			name = Debug;
		};
		98A04E3C2B1843E800874BC4 /* Release */ = {
			isa = XCBuildConfiguration;
			buildSettings = {
				ALWAYS_SEARCH_USER_PATHS = NO;
				ASSETCATALOG_COMPILER_GENERATE_SWIFT_ASSET_SYMBOL_EXTENSIONS = YES;
				CLANG_ANALYZER_NONNULL = YES;
				CLANG_ANALYZER_NUMBER_OBJECT_CONVERSION = YES_AGGRESSIVE;
				CLANG_CXX_LANGUAGE_STANDARD = "gnu++20";
				CLANG_ENABLE_MODULES = YES;
				CLANG_ENABLE_OBJC_ARC = YES;
				CLANG_ENABLE_OBJC_WEAK = YES;
				CLANG_WARN_BLOCK_CAPTURE_AUTORELEASING = YES;
				CLANG_WARN_BOOL_CONVERSION = YES;
				CLANG_WARN_COMMA = YES;
				CLANG_WARN_CONSTANT_CONVERSION = YES;
				CLANG_WARN_DEPRECATED_OBJC_IMPLEMENTATIONS = YES;
				CLANG_WARN_DIRECT_OBJC_ISA_USAGE = YES_ERROR;
				CLANG_WARN_DOCUMENTATION_COMMENTS = YES;
				CLANG_WARN_EMPTY_BODY = YES;
				CLANG_WARN_ENUM_CONVERSION = YES;
				CLANG_WARN_INFINITE_RECURSION = YES;
				CLANG_WARN_INT_CONVERSION = YES;
				CLANG_WARN_NON_LITERAL_NULL_CONVERSION = YES;
				CLANG_WARN_OBJC_IMPLICIT_RETAIN_SELF = YES;
				CLANG_WARN_OBJC_LITERAL_CONVERSION = YES;
				CLANG_WARN_OBJC_ROOT_CLASS = YES_ERROR;
				CLANG_WARN_QUOTED_INCLUDE_IN_FRAMEWORK_HEADER = YES;
				CLANG_WARN_RANGE_LOOP_ANALYSIS = YES;
				CLANG_WARN_STRICT_PROTOTYPES = YES;
				CLANG_WARN_SUSPICIOUS_MOVE = YES;
				CLANG_WARN_UNGUARDED_AVAILABILITY = YES_AGGRESSIVE;
				CLANG_WARN_UNREACHABLE_CODE = YES;
				CLANG_WARN__DUPLICATE_METHOD_MATCH = YES;
				COPY_PHASE_STRIP = NO;
				DEBUG_INFORMATION_FORMAT = "dwarf-with-dsym";
				ENABLE_NS_ASSERTIONS = NO;
				ENABLE_STRICT_OBJC_MSGSEND = YES;
				ENABLE_USER_SCRIPT_SANDBOXING = YES;
				GCC_C_LANGUAGE_STANDARD = gnu17;
				GCC_NO_COMMON_BLOCKS = YES;
				GCC_WARN_64_TO_32_BIT_CONVERSION = YES;
				GCC_WARN_ABOUT_RETURN_TYPE = YES_ERROR;
				GCC_WARN_UNDECLARED_SELECTOR = YES;
				GCC_WARN_UNINITIALIZED_AUTOS = YES_AGGRESSIVE;
				GCC_WARN_UNUSED_FUNCTION = YES;
				GCC_WARN_UNUSED_VARIABLE = YES;
				LOCALIZATION_PREFERS_STRING_CATALOGS = YES;
				MTL_ENABLE_DEBUG_INFO = NO;
				MTL_FAST_MATH = YES;
				SWIFT_COMPILATION_MODE = wholemodule;
			};
			name = Release;
		};
		98A04E3E2B1843E800874BC4 /* Debug */ = {
			isa = XCBuildConfiguration;
			buildSettings = {
				ASSETCATALOG_COMPILER_APPICON_NAME = AppIcon;
				ASSETCATALOG_COMPILER_GLOBAL_ACCENT_COLOR_NAME = AccentColor;
				CODE_SIGN_ENTITLEMENTS = kickoff/kickoff.entitlements;
				CODE_SIGN_STYLE = Automatic;
				CURRENT_PROJECT_VERSION = 1;
				DEVELOPMENT_ASSET_PATHS = "\"kickoff/Preview Content\"";
				ENABLE_PREVIEWS = YES;
				GENERATE_INFOPLIST_FILE = YES;
				"INFOPLIST_KEY_UIApplicationSceneManifest_Generation[sdk=iphoneos*]" = YES;
				"INFOPLIST_KEY_UIApplicationSceneManifest_Generation[sdk=iphonesimulator*]" = YES;
				"INFOPLIST_KEY_UIApplicationSupportsIndirectInputEvents[sdk=iphoneos*]" = YES;
				"INFOPLIST_KEY_UIApplicationSupportsIndirectInputEvents[sdk=iphonesimulator*]" = YES;
				"INFOPLIST_KEY_UILaunchScreen_Generation[sdk=iphoneos*]" = YES;
				"INFOPLIST_KEY_UILaunchScreen_Generation[sdk=iphonesimulator*]" = YES;
				"INFOPLIST_KEY_UIStatusBarStyle[sdk=iphoneos*]" = UIStatusBarStyleDefault;
				"INFOPLIST_KEY_UIStatusBarStyle[sdk=iphonesimulator*]" = UIStatusBarStyleDefault;
				INFOPLIST_KEY_UISupportedInterfaceOrientations_iPad = "UIInterfaceOrientationPortrait UIInterfaceOrientationPortraitUpsideDown UIInterfaceOrientationLandscapeLeft UIInterfaceOrientationLandscapeRight";
				INFOPLIST_KEY_UISupportedInterfaceOrientations_iPhone = "UIInterfaceOrientationPortrait UIInterfaceOrientationLandscapeLeft UIInterfaceOrientationLandscapeRight";
				IPHONEOS_DEPLOYMENT_TARGET = 17.0;
				LD_RUNPATH_SEARCH_PATHS = "@executable_path/Frameworks";
				"LD_RUNPATH_SEARCH_PATHS[sdk=macosx*]" = "@executable_path/../Frameworks";
				MACOSX_DEPLOYMENT_TARGET = 14.0;
				MARKETING_VERSION = 1.0;
				PRODUCT_BUNDLE_IDENTIFIER = kickoff.kickoff;
				PRODUCT_NAME = "$(TARGET_NAME)";
				SDKROOT = auto;
				SUPPORTED_PLATFORMS = "iphoneos iphonesimulator macosx";
				SWIFT_EMIT_LOC_STRINGS = YES;
				SWIFT_VERSION = 5.0;
				TARGETED_DEVICE_FAMILY = "1,2";
			};
			name = Debug;
		};
		98A04E3F2B1843E800874BC4 /* Release */ = {
			isa = XCBuildConfiguration;
			buildSettings = {
				ASSETCATALOG_COMPILER_APPICON_NAME = AppIcon;
				ASSETCATALOG_COMPILER_GLOBAL_ACCENT_COLOR_NAME = AccentColor;
				CODE_SIGN_ENTITLEMENTS = kickoff/kickoff.entitlements;
				CODE_SIGN_STYLE = Automatic;
				CURRENT_PROJECT_VERSION = 1;
				DEVELOPMENT_ASSET_PATHS = "\"kickoff/Preview Content\"";
				ENABLE_PREVIEWS = YES;
				GENERATE_INFOPLIST_FILE = YES;
				"INFOPLIST_KEY_UIApplicationSceneManifest_Generation[sdk=iphoneos*]" = YES;
				"INFOPLIST_KEY_UIApplicationSceneManifest_Generation[sdk=iphonesimulator*]" = YES;
				"INFOPLIST_KEY_UIApplicationSupportsIndirectInputEvents[sdk=iphoneos*]" = YES;
				"INFOPLIST_KEY_UIApplicationSupportsIndirectInputEvents[sdk=iphonesimulator*]" = YES;
				"INFOPLIST_KEY_UILaunchScreen_Generation[sdk=iphoneos*]" = YES;
				"INFOPLIST_KEY_UILaunchScreen_Generation[sdk=iphonesimulator*]" = YES;
				"INFOPLIST_KEY_UIStatusBarStyle[sdk=iphoneos*]" = UIStatusBarStyleDefault;
				"INFOPLIST_KEY_UIStatusBarStyle[sdk=iphonesimulator*]" = UIStatusBarStyleDefault;
				INFOPLIST_KEY_UISupportedInterfaceOrientations_iPad = "UIInterfaceOrientationPortrait UIInterfaceOrientationPortraitUpsideDown UIInterfaceOrientationLandscapeLeft UIInterfaceOrientationLandscapeRight";
				INFOPLIST_KEY_UISupportedInterfaceOrientations_iPhone = "UIInterfaceOrientationPortrait UIInterfaceOrientationLandscapeLeft UIInterfaceOrientationLandscapeRight";
				IPHONEOS_DEPLOYMENT_TARGET = 17.0;
				LD_RUNPATH_SEARCH_PATHS = "@executable_path/Frameworks";
				"LD_RUNPATH_SEARCH_PATHS[sdk=macosx*]" = "@executable_path/../Frameworks";
				MACOSX_DEPLOYMENT_TARGET = 14.0;
				MARKETING_VERSION = 1.0;
				PRODUCT_BUNDLE_IDENTIFIER = kickoff.kickoff;
				PRODUCT_NAME = "$(TARGET_NAME)";
				SDKROOT = auto;
				SUPPORTED_PLATFORMS = "iphoneos iphonesimulator macosx";
				SWIFT_EMIT_LOC_STRINGS = YES;
				SWIFT_VERSION = 5.0;
				TARGETED_DEVICE_FAMILY = "1,2";
			};
			name = Release;
		};
		98A04E412B1843E800874BC4 /* Debug */ = {
			isa = XCBuildConfiguration;
			buildSettings = {
				ALWAYS_EMBED_SWIFT_STANDARD_LIBRARIES = YES;
				BUNDLE_LOADER = "$(TEST_HOST)";
				CODE_SIGN_STYLE = Automatic;
				CURRENT_PROJECT_VERSION = 1;
				GENERATE_INFOPLIST_FILE = YES;
				IPHONEOS_DEPLOYMENT_TARGET = 17.0;
				MACOSX_DEPLOYMENT_TARGET = 14.0;
				MARKETING_VERSION = 1.0;
				PRODUCT_BUNDLE_IDENTIFIER = kickoff.kickoffTests;
				PRODUCT_NAME = "$(TARGET_NAME)";
				SDKROOT = auto;
				SUPPORTED_PLATFORMS = "iphoneos iphonesimulator macosx";
				SWIFT_EMIT_LOC_STRINGS = NO;
				SWIFT_VERSION = 5.0;
				TARGETED_DEVICE_FAMILY = "1,2";
				TEST_HOST = "$(BUILT_PRODUCTS_DIR)/kickoff.app/$(BUNDLE_EXECUTABLE_FOLDER_PATH)/kickoff";
			};
			name = Debug;
		};
		98A04E422B1843E800874BC4 /* Release */ = {
			isa = XCBuildConfiguration;
			buildSettings = {
				ALWAYS_EMBED_SWIFT_STANDARD_LIBRARIES = YES;
				BUNDLE_LOADER = "$(TEST_HOST)";
				CODE_SIGN_STYLE = Automatic;
				CURRENT_PROJECT_VERSION = 1;
				GENERATE_INFOPLIST_FILE = YES;
				IPHONEOS_DEPLOYMENT_TARGET = 17.0;
				MACOSX_DEPLOYMENT_TARGET = 14.0;
				MARKETING_VERSION = 1.0;
				PRODUCT_BUNDLE_IDENTIFIER = kickoff.kickoffTests;
				PRODUCT_NAME = "$(TARGET_NAME)";
				SDKROOT = auto;
				SUPPORTED_PLATFORMS = "iphoneos iphonesimulator macosx";
				SWIFT_EMIT_LOC_STRINGS = NO;
				SWIFT_VERSION = 5.0;
				TARGETED_DEVICE_FAMILY = "1,2";
				TEST_HOST = "$(BUILT_PRODUCTS_DIR)/kickoff.app/$(BUNDLE_EXECUTABLE_FOLDER_PATH)/kickoff";
			};
			name = Release;
		};
		98A04E442B1843E800874BC4 /* Debug */ = {
			isa = XCBuildConfiguration;
			buildSettings = {
				ALWAYS_EMBED_SWIFT_STANDARD_LIBRARIES = YES;
				CODE_SIGN_STYLE = Automatic;
				CURRENT_PROJECT_VERSION = 1;
				GENERATE_INFOPLIST_FILE = YES;
				IPHONEOS_DEPLOYMENT_TARGET = 17.0;
				MACOSX_DEPLOYMENT_TARGET = 14.0;
				MARKETING_VERSION = 1.0;
				PRODUCT_BUNDLE_IDENTIFIER = kickoff.kickoffUITests;
				PRODUCT_NAME = "$(TARGET_NAME)";
				SDKROOT = auto;
				SUPPORTED_PLATFORMS = "iphoneos iphonesimulator macosx";
				SWIFT_EMIT_LOC_STRINGS = NO;
				SWIFT_VERSION = 5.0;
				TARGETED_DEVICE_FAMILY = "1,2";
				TEST_TARGET_NAME = kickoff;
			};
			name = Debug;
		};
		98A04E452B1843E800874BC4 /* Release */ = {
			isa = XCBuildConfiguration;
			buildSettings = {
				ALWAYS_EMBED_SWIFT_STANDARD_LIBRARIES = YES;
				CODE_SIGN_STYLE = Automatic;
				CURRENT_PROJECT_VERSION = 1;
				GENERATE_INFOPLIST_FILE = YES;
				IPHONEOS_DEPLOYMENT_TARGET = 17.0;
				MACOSX_DEPLOYMENT_TARGET = 14.0;
				MARKETING_VERSION = 1.0;
				PRODUCT_BUNDLE_IDENTIFIER = kickoff.kickoffUITests;
				PRODUCT_NAME = "$(TARGET_NAME)";
				SDKROOT = auto;
				SUPPORTED_PLATFORMS = "iphoneos iphonesimulator macosx";
				SWIFT_EMIT_LOC_STRINGS = NO;
				SWIFT_VERSION = 5.0;
				TARGETED_DEVICE_FAMILY = "1,2";
				TEST_TARGET_NAME = kickoff;
			};
			name = Release;
		};
/* End XCBuildConfiguration section */

/* Begin XCConfigurationList section */
		98A04E132B1843E700874BC4 /* Build configuration list for PBXProject "kickoff" */ = {
			isa = XCConfigurationList;
			buildConfigurations = (
				98A04E3B2B1843E800874BC4 /* Debug */,
				98A04E3C2B1843E800874BC4 /* Release */,
			);
			defaultConfigurationIsVisible = 0;
			defaultConfigurationName = Release;
		};
		98A04E3D2B1843E800874BC4 /* Build configuration list for PBXNativeTarget "kickoff" */ = {
			isa = XCConfigurationList;
			buildConfigurations = (
				98A04E3E2B1843E800874BC4 /* Debug */,
				98A04E3F2B1843E800874BC4 /* Release */,
			);
			defaultConfigurationIsVisible = 0;
			defaultConfigurationName = Release;
		};
		98A04E402B1843E800874BC4 /* Build configuration list for PBXNativeTarget "kickoffTests" */ = {
			isa = XCConfigurationList;
			buildConfigurations = (
				98A04E412B1843E800874BC4 /* Debug */,
				98A04E422B1843E800874BC4 /* Release */,
			);
			defaultConfigurationIsVisible = 0;
			defaultConfigurationName = Release;
		};
		98A04E432B1843E800874BC4 /* Build configuration list for PBXNativeTarget "kickoffUITests" */ = {
			isa = XCConfigurationList;
			buildConfigurations = (
				98A04E442B1843E800874BC4 /* Debug */,
				98A04E452B1843E800874BC4 /* Release */,
			);
			defaultConfigurationIsVisible = 0;
			defaultConfigurationName = Release;
		};
/* End XCConfigurationList section */
	};
	rootObject = 98A04E102B1843E700874BC4 /* Project object */;
}
